
Microsoft Visual Studio Solution File, Format Version 12.00
# Visual Studio Version 16
VisualStudioVersion = 16.0.31205.134
MinimumVisualStudioVersion = 10.0.40219.1
Project("{FAE04EC0-301F-11D3-BF4B-00C04F79EFBC}") = "lab_5", "lab_5\lab_5.csproj", "{E6C14E46-01C2-408E-90E3-E66F16E107FD}"
EndProject
Global
	GlobalSection(SolutionConfigurationPlatforms) = preSolution
		Debug|Any CPU = Debug|Any CPU
		Release|Any CPU = Release|Any CPU
	EndGlobalSection
	GlobalSection(ProjectConfigurationPlatforms) = postSolution
		{E6C14E46-01C2-408E-90E3-E66F16E107FD}.Debug|Any CPU.ActiveCfg = Debug|Any CPU
		{E6C14E46-01C2-408E-90E3-E66F16E107FD}.Debug|Any CPU.Build.0 = Debug|Any CPU
		{E6C14E46-01C2-408E-90E3-E66F16E107FD}.Release|Any CPU.ActiveCfg = Release|Any CPU
		{E6C14E46-01C2-408E-90E3-E66F16E107FD}.Release|Any CPU.Build.0 = Release|Any CPU
	EndGlobalSection
	GlobalSection(SolutionProperties) = preSolution
		HideSolutionNode = FALSE
	EndGlobalSection
	GlobalSection(ExtensibilityGlobals) = postSolution
		SolutionGuid = {CC2D307A-DEB3-475B-A527-EFE3C7B7E6EA}
	EndGlobalSection
EndGlobal
