
Microsoft Visual Studio Solution File, Format Version 12.00
# Visual Studio Version 16
VisualStudioVersion = 16.0.29102.190
MinimumVisualStudioVersion = 10.0.40219.1
Project("{FAE04EC0-301F-11D3-BF4B-00C04F79EFBC}") = "lab_1 (form)", "lab_1 (form)\lab_1 (form).csproj", "{702337F6-AB34-42C0-8338-E2DBF962D354}"
EndProject
Global
	GlobalSection(SolutionConfigurationPlatforms) = preSolution
		Debug|Any CPU = Debug|Any CPU
		Release|Any CPU = Release|Any CPU
	EndGlobalSection
	GlobalSection(ProjectConfigurationPlatforms) = postSolution
		{702337F6-AB34-42C0-8338-E2DBF962D354}.Debug|Any CPU.ActiveCfg = Debug|Any CPU
		{702337F6-AB34-42C0-8338-E2DBF962D354}.Debug|Any CPU.Build.0 = Debug|Any CPU
		{702337F6-AB34-42C0-8338-E2DBF962D354}.Release|Any CPU.ActiveCfg = Release|Any CPU
		{702337F6-AB34-42C0-8338-E2DBF962D354}.Release|Any CPU.Build.0 = Release|Any CPU
	EndGlobalSection
	GlobalSection(SolutionProperties) = preSolution
		HideSolutionNode = FALSE
	EndGlobalSection
	GlobalSection(ExtensibilityGlobals) = postSolution
		SolutionGuid = {5E842746-F077-46FC-99A8-0AC63AA19C88}
	EndGlobalSection
EndGlobal
